
Microsoft Visual Studio Solution File, Format Version 12.00
# Visual Studio Version 18
VisualStudioVersion = 18.0.11205.157
MinimumVisualStudioVersion = 10.0.40219.1
Project("{FAE04EC0-301F-11D3-BF4B-00C04F79EFBC}") = "StrategyPattern", "StrategyPattern\StrategyPattern.csproj", "{6F5B2457-F575-4937-A8C5-670A6BDE1F87}"
EndProject
Project("{FAE04EC0-301F-11D3-BF4B-00C04F79EFBC}") = "ObserverPattern", "ObserverPattern\ObserverPattern.csproj", "{10824E2E-C7AF-4FAE-94AD-EDC287BE2E2E}"
EndProject
Project("{FAE04EC0-301F-11D3-BF4B-00C04F79EFBC}") = "DecoratorPattern", "DecoratorPattern\DecoratorPattern.csproj", "{EEBED9B0-8D7D-4097-9C04-B4EF4E082F22}"
EndProject
Project("{FAE04EC0-301F-11D3-BF4B-00C04F79EFBC}") = "FactoryPattern", "FactoryPattern\FactoryPattern.csproj", "{2FFF3E0C-FE24-4A2A-993D-8FD09837BDD1}"
EndProject
Project("{FAE04EC0-301F-11D3-BF4B-00C04F79EFBC}") = "CommandPattern", "CommandPattern\CommandPattern.csproj", "{26C31E54-5115-486C-BFF4-993488ECCE14}"
EndProject
Project("{FAE04EC0-301F-11D3-BF4B-00C04F79EFBC}") = "FacadePattern", "FacadePattern\FacadePattern.csproj", "{AC25EEF7-8693-4AFF-B911-C572AF202466}"
EndProject
Project("{FAE04EC0-301F-11D3-BF4B-00C04F79EFBC}") = "AdapterPattern", "AdapterPattern\AdapterPattern.csproj", "{F2B2D26A-6741-4DCA-9BE0-EA7DE6829EC0}"
EndProject
Project("{FAE04EC0-301F-11D3-BF4B-00C04F79EFBC}") = "TemplatePattern", "TemplatePattern\TemplatePattern.csproj", "{B1B8797A-120B-4620-9C04-0BC3CA99D95E}"
EndProject
Project("{FAE04EC0-301F-11D3-BF4B-00C04F79EFBC}") = "StatePattern", "StatePattern\StatePattern.csproj", "{942DA378-58F6-4423-A2AA-C2AD90AD5977}"
EndProject
Project("{FAE04EC0-301F-11D3-BF4B-00C04F79EFBC}") = "ProxyPattern", "ProxyPattern\ProxyPattern.csproj", "{01A193B2-F385-44C9-98CB-1A69109DE3D5}"
EndProject
Global
	GlobalSection(SolutionConfigurationPlatforms) = preSolution
		Debug|Any CPU = Debug|Any CPU
		Release|Any CPU = Release|Any CPU
	EndGlobalSection
	GlobalSection(ProjectConfigurationPlatforms) = postSolution
		{6F5B2457-F575-4937-A8C5-670A6BDE1F87}.Debug|Any CPU.ActiveCfg = Debug|Any CPU
		{6F5B2457-F575-4937-A8C5-670A6BDE1F87}.Debug|Any CPU.Build.0 = Debug|Any CPU
		{6F5B2457-F575-4937-A8C5-670A6BDE1F87}.Release|Any CPU.ActiveCfg = Release|Any CPU
		{6F5B2457-F575-4937-A8C5-670A6BDE1F87}.Release|Any CPU.Build.0 = Release|Any CPU
		{10824E2E-C7AF-4FAE-94AD-EDC287BE2E2E}.Debug|Any CPU.ActiveCfg = Debug|Any CPU
		{10824E2E-C7AF-4FAE-94AD-EDC287BE2E2E}.Debug|Any CPU.Build.0 = Debug|Any CPU
		{10824E2E-C7AF-4FAE-94AD-EDC287BE2E2E}.Release|Any CPU.ActiveCfg = Release|Any CPU
		{10824E2E-C7AF-4FAE-94AD-EDC287BE2E2E}.Release|Any CPU.Build.0 = Release|Any CPU
		{EEBED9B0-8D7D-4097-9C04-B4EF4E082F22}.Debug|Any CPU.ActiveCfg = Debug|Any CPU
		{EEBED9B0-8D7D-4097-9C04-B4EF4E082F22}.Debug|Any CPU.Build.0 = Debug|Any CPU
		{EEBED9B0-8D7D-4097-9C04-B4EF4E082F22}.Release|Any CPU.ActiveCfg = Release|Any CPU
		{EEBED9B0-8D7D-4097-9C04-B4EF4E082F22}.Release|Any CPU.Build.0 = Release|Any CPU
		{2FFF3E0C-FE24-4A2A-993D-8FD09837BDD1}.Debug|Any CPU.ActiveCfg = Debug|Any CPU
		{2FFF3E0C-FE24-4A2A-993D-8FD09837BDD1}.Debug|Any CPU.Build.0 = Debug|Any CPU
		{2FFF3E0C-FE24-4A2A-993D-8FD09837BDD1}.Release|Any CPU.ActiveCfg = Release|Any CPU
		{2FFF3E0C-FE24-4A2A-993D-8FD09837BDD1}.Release|Any CPU.Build.0 = Release|Any CPU
		{26C31E54-5115-486C-BFF4-993488ECCE14}.Debug|Any CPU.ActiveCfg = Debug|Any CPU
		{26C31E54-5115-486C-BFF4-993488ECCE14}.Debug|Any CPU.Build.0 = Debug|Any CPU
		{26C31E54-5115-486C-BFF4-993488ECCE14}.Release|Any CPU.ActiveCfg = Release|Any CPU
		{26C31E54-5115-486C-BFF4-993488ECCE14}.Release|Any CPU.Build.0 = Release|Any CPU
		{AC25EEF7-8693-4AFF-B911-C572AF202466}.Debug|Any CPU.ActiveCfg = Debug|Any CPU
		{AC25EEF7-8693-4AFF-B911-C572AF202466}.Debug|Any CPU.Build.0 = Debug|Any CPU
		{AC25EEF7-8693-4AFF-B911-C572AF202466}.Release|Any CPU.ActiveCfg = Release|Any CPU
		{AC25EEF7-8693-4AFF-B911-C572AF202466}.Release|Any CPU.Build.0 = Release|Any CPU
		{F2B2D26A-6741-4DCA-9BE0-EA7DE6829EC0}.Debug|Any CPU.ActiveCfg = Debug|Any CPU
		{F2B2D26A-6741-4DCA-9BE0-EA7DE6829EC0}.Debug|Any CPU.Build.0 = Debug|Any CPU
		{F2B2D26A-6741-4DCA-9BE0-EA7DE6829EC0}.Release|Any CPU.ActiveCfg = Release|Any CPU
		{F2B2D26A-6741-4DCA-9BE0-EA7DE6829EC0}.Release|Any CPU.Build.0 = Release|Any CPU
		{B1B8797A-120B-4620-9C04-0BC3CA99D95E}.Debug|Any CPU.ActiveCfg = Debug|Any CPU
		{B1B8797A-120B-4620-9C04-0BC3CA99D95E}.Debug|Any CPU.Build.0 = Debug|Any CPU
		{B1B8797A-120B-4620-9C04-0BC3CA99D95E}.Release|Any CPU.ActiveCfg = Release|Any CPU
		{B1B8797A-120B-4620-9C04-0BC3CA99D95E}.Release|Any CPU.Build.0 = Release|Any CPU
		{942DA378-58F6-4423-A2AA-C2AD90AD5977}.Debug|Any CPU.ActiveCfg = Debug|Any CPU
		{942DA378-58F6-4423-A2AA-C2AD90AD5977}.Debug|Any CPU.Build.0 = Debug|Any CPU
		{942DA378-58F6-4423-A2AA-C2AD90AD5977}.Release|Any CPU.ActiveCfg = Release|Any CPU
		{942DA378-58F6-4423-A2AA-C2AD90AD5977}.Release|Any CPU.Build.0 = Release|Any CPU
		{01A193B2-F385-44C9-98CB-1A69109DE3D5}.Debug|Any CPU.ActiveCfg = Debug|Any CPU
		{01A193B2-F385-44C9-98CB-1A69109DE3D5}.Debug|Any CPU.Build.0 = Debug|Any CPU
		{01A193B2-F385-44C9-98CB-1A69109DE3D5}.Release|Any CPU.ActiveCfg = Release|Any CPU
		{01A193B2-F385-44C9-98CB-1A69109DE3D5}.Release|Any CPU.Build.0 = Release|Any CPU
	EndGlobalSection
	GlobalSection(SolutionProperties) = preSolution
		HideSolutionNode = FALSE
	EndGlobalSection
	GlobalSection(ExtensibilityGlobals) = postSolution
		SolutionGuid = {45A86EB2-DDDA-4C35-9B4F-4FC31D2529B0}
	EndGlobalSection
EndGlobal
